
Microsoft Visual Studio Solution File, Format Version 12.00
# Visual Studio 15
VisualStudioVersion = 15.0.28307.421
MinimumVisualStudioVersion = 10.0.40219.1
Project("{FAE04EC0-301F-11D3-BF4B-00C04F79EFBC}") = "Application.DTO", "Application.DTO\Application.DTO.csproj", "{6AB5600D-CF8F-4ED7-A02E-D63184BB78B7}"
EndProject
Project("{FAE04EC0-301F-11D3-BF4B-00C04F79EFBC}") = "Application.Services", "Application.Services\Application.Services.csproj", "{26305888-5C66-4A34-B783-CC28CB9B8918}"
EndProject
Project("{FAE04EC0-301F-11D3-BF4B-00C04F79EFBC}") = "Domain.Model", "Domain.Model\Domain.Model.csproj", "{602AC828-4A85-4A23-8E4D-2E1E299B266C}"
EndProject
Project("{FAE04EC0-301F-11D3-BF4B-00C04F79EFBC}") = "Domain.Services", "Domain.Services\Domain.Services.csproj", "{610F86F0-9709-4DF0-A369-D3483F0243EA}"
EndProject
Project("{FAE04EC0-301F-11D3-BF4B-00C04F79EFBC}") = "Data.Repository", "Data.Repository\Data.Repository.csproj", "{56EC9260-5040-4D50-844F-FE3FF0FA7A94}"
EndProject
Project("{FAE04EC0-301F-11D3-BF4B-00C04F79EFBC}") = "Infrastructure.CrossCutting", "Infrastructure.CrossCountry\Infrastructure.CrossCutting.csproj", "{EB585ACF-91CA-4908-8BB3-190841D04756}"
EndProject
Project("{FAE04EC0-301F-11D3-BF4B-00C04F79EFBC}") = "Client", "Client\Client.csproj", "{5552A3ED-035E-4AD2-802E-9EAF74502D6E}"
EndProject
Project("{FAE04EC0-301F-11D3-BF4B-00C04F79EFBC}") = "Data.Gateway", "Data.Gateway\Data.Gateway.csproj", "{E71A64F9-073B-43F1-BA51-E2176BC253C4}"
EndProject
Project("{FAE04EC0-301F-11D3-BF4B-00C04F79EFBC}") = "Domain.Core", "Domain.Core\Domain.Core.csproj", "{A8AF5DE1-52F3-4215-952F-93C92A5A451C}"
EndProject
Project("{2150E333-8FDC-42A3-9474-1A3956D46DE8}") = "1 - Layers", "1 - Layers", "{1F9D3FA5-1247-428B-B204-A94B5B1B93EB}"
EndProject
Project("{2150E333-8FDC-42A3-9474-1A3956D46DE8}") = "1.0 - Client SDK", "1.0 - Client SDK", "{5235AF7C-E0CC-4C24-BA45-338DA234DC86}"
EndProject
Project("{2150E333-8FDC-42A3-9474-1A3956D46DE8}") = "Tests", "Tests", "{E6ED9352-B108-4250-91F4-53781EA196A8}"
EndProject
Project("{2150E333-8FDC-42A3-9474-1A3956D46DE8}") = "1.2 - Application", "1.2 - Application", "{950AAB2B-7968-400C-9E26-75CF1CCB9188}"
EndProject
Project("{2150E333-8FDC-42A3-9474-1A3956D46DE8}") = "Tests", "Tests", "{C73F76CB-1A1F-4AAC-82C5-AA113D9C03C2}"
EndProject
Project("{2150E333-8FDC-42A3-9474-1A3956D46DE8}") = "1.3 - Domain", "1.3 - Domain", "{1CF6079E-AC3B-4836-81DF-3D3D88F72501}"
EndProject
Project("{2150E333-8FDC-42A3-9474-1A3956D46DE8}") = "1.4 - Data", "1.4 - Data", "{97B7C5F8-293E-4D5F-8F57-EE609A95B37D}"
EndProject
Project("{2150E333-8FDC-42A3-9474-1A3956D46DE8}") = "1.5 - Infrastructure", "1.5 - Infrastructure", "{970DDA79-0572-48C5-83AF-BEEE20A51DCC}"
EndProject
Project("{2150E333-8FDC-42A3-9474-1A3956D46DE8}") = "Tests", "Tests", "{3B2275B1-C008-440B-BFC3-2085D8850AE3}"
EndProject
Project("{2150E333-8FDC-42A3-9474-1A3956D46DE8}") = "Tests", "Tests", "{04D6C512-C87D-4B41-AD4C-55E9EABA78B9}"
EndProject
Project("{2150E333-8FDC-42A3-9474-1A3956D46DE8}") = "Tests", "Tests", "{45B47A10-CEAC-422B-BC15-552212FBFD80}"
EndProject
Project("{FAE04EC0-301F-11D3-BF4B-00C04F79EFBC}") = "Domain.Model.Tests", "WishlistTest\Domain.Model.Tests.csproj", "{05819018-E3F3-4F77-93E2-43B0BA3C0C97}"
EndProject
Project("{2150E333-8FDC-42A3-9474-1A3956D46DE8}") = "2- Deploy", "2- Deploy", "{FC3D67D2-4C6A-41F2-B42A-27CA443154F3}"
EndProject
Project("{2150E333-8FDC-42A3-9474-1A3956D46DE8}") = "SQLScripts", "SQLScripts", "{DD82C7DB-A128-4B1C-99B7-FF0747D05E2A}"
EndProject
Project("{2150E333-8FDC-42A3-9474-1A3956D46DE8}") = "SVC_Wishlist", "SVC_Wishlist", "{A440DA64-2382-4715-89CB-62F49D88F29A}"
	ProjectSection(SolutionItems) = preProject
		CreateDBScriptVersions.sql = CreateDBScriptVersions.sql
		CreateOwnerTable.sql = CreateOwnerTable.sql
	EndProjectSection
EndProject
Project("{2150E333-8FDC-42A3-9474-1A3956D46DE8}") = "1.1 - Presentation", "1.1 - Presentation", "{3E6F4D73-E3D6-4095-9ACF-E1D98D62A359}"
EndProject
Project("{FAE04EC0-301F-11D3-BF4B-00C04F79EFBC}") = "Presentation.WebAPI", "Presentation.WebAPI\Presentation.WebAPI.csproj", "{DDE7AE64-8C65-4AAA-89EA-DC093E87D99B}"
EndProject
Global
	GlobalSection(SolutionConfigurationPlatforms) = preSolution
		Debug|Any CPU = Debug|Any CPU
		Release|Any CPU = Release|Any CPU
	EndGlobalSection
	GlobalSection(ProjectConfigurationPlatforms) = postSolution
		{6AB5600D-CF8F-4ED7-A02E-D63184BB78B7}.Debug|Any CPU.ActiveCfg = Debug|Any CPU
		{6AB5600D-CF8F-4ED7-A02E-D63184BB78B7}.Debug|Any CPU.Build.0 = Debug|Any CPU
		{6AB5600D-CF8F-4ED7-A02E-D63184BB78B7}.Release|Any CPU.ActiveCfg = Release|Any CPU
		{6AB5600D-CF8F-4ED7-A02E-D63184BB78B7}.Release|Any CPU.Build.0 = Release|Any CPU
		{26305888-5C66-4A34-B783-CC28CB9B8918}.Debug|Any CPU.ActiveCfg = Debug|Any CPU
		{26305888-5C66-4A34-B783-CC28CB9B8918}.Debug|Any CPU.Build.0 = Debug|Any CPU
		{26305888-5C66-4A34-B783-CC28CB9B8918}.Release|Any CPU.ActiveCfg = Release|Any CPU
		{26305888-5C66-4A34-B783-CC28CB9B8918}.Release|Any CPU.Build.0 = Release|Any CPU
		{602AC828-4A85-4A23-8E4D-2E1E299B266C}.Debug|Any CPU.ActiveCfg = Debug|Any CPU
		{602AC828-4A85-4A23-8E4D-2E1E299B266C}.Debug|Any CPU.Build.0 = Debug|Any CPU
		{602AC828-4A85-4A23-8E4D-2E1E299B266C}.Release|Any CPU.ActiveCfg = Release|Any CPU
		{602AC828-4A85-4A23-8E4D-2E1E299B266C}.Release|Any CPU.Build.0 = Release|Any CPU
		{610F86F0-9709-4DF0-A369-D3483F0243EA}.Debug|Any CPU.ActiveCfg = Debug|Any CPU
		{610F86F0-9709-4DF0-A369-D3483F0243EA}.Debug|Any CPU.Build.0 = Debug|Any CPU
		{610F86F0-9709-4DF0-A369-D3483F0243EA}.Release|Any CPU.ActiveCfg = Release|Any CPU
		{610F86F0-9709-4DF0-A369-D3483F0243EA}.Release|Any CPU.Build.0 = Release|Any CPU
		{56EC9260-5040-4D50-844F-FE3FF0FA7A94}.Debug|Any CPU.ActiveCfg = Debug|Any CPU
		{56EC9260-5040-4D50-844F-FE3FF0FA7A94}.Debug|Any CPU.Build.0 = Debug|Any CPU
		{56EC9260-5040-4D50-844F-FE3FF0FA7A94}.Release|Any CPU.ActiveCfg = Release|Any CPU
		{56EC9260-5040-4D50-844F-FE3FF0FA7A94}.Release|Any CPU.Build.0 = Release|Any CPU
		{EB585ACF-91CA-4908-8BB3-190841D04756}.Debug|Any CPU.ActiveCfg = Debug|Any CPU
		{EB585ACF-91CA-4908-8BB3-190841D04756}.Debug|Any CPU.Build.0 = Debug|Any CPU
		{EB585ACF-91CA-4908-8BB3-190841D04756}.Release|Any CPU.ActiveCfg = Release|Any CPU
		{EB585ACF-91CA-4908-8BB3-190841D04756}.Release|Any CPU.Build.0 = Release|Any CPU
		{5552A3ED-035E-4AD2-802E-9EAF74502D6E}.Debug|Any CPU.ActiveCfg = Debug|Any CPU
		{5552A3ED-035E-4AD2-802E-9EAF74502D6E}.Debug|Any CPU.Build.0 = Debug|Any CPU
		{5552A3ED-035E-4AD2-802E-9EAF74502D6E}.Release|Any CPU.ActiveCfg = Release|Any CPU
		{5552A3ED-035E-4AD2-802E-9EAF74502D6E}.Release|Any CPU.Build.0 = Release|Any CPU
		{E71A64F9-073B-43F1-BA51-E2176BC253C4}.Debug|Any CPU.ActiveCfg = Debug|Any CPU
		{E71A64F9-073B-43F1-BA51-E2176BC253C4}.Debug|Any CPU.Build.0 = Debug|Any CPU
		{E71A64F9-073B-43F1-BA51-E2176BC253C4}.Release|Any CPU.ActiveCfg = Release|Any CPU
		{E71A64F9-073B-43F1-BA51-E2176BC253C4}.Release|Any CPU.Build.0 = Release|Any CPU
		{A8AF5DE1-52F3-4215-952F-93C92A5A451C}.Debug|Any CPU.ActiveCfg = Debug|Any CPU
		{A8AF5DE1-52F3-4215-952F-93C92A5A451C}.Debug|Any CPU.Build.0 = Debug|Any CPU
		{A8AF5DE1-52F3-4215-952F-93C92A5A451C}.Release|Any CPU.ActiveCfg = Release|Any CPU
		{A8AF5DE1-52F3-4215-952F-93C92A5A451C}.Release|Any CPU.Build.0 = Release|Any CPU
		{05819018-E3F3-4F77-93E2-43B0BA3C0C97}.Debug|Any CPU.ActiveCfg = Debug|Any CPU
		{05819018-E3F3-4F77-93E2-43B0BA3C0C97}.Debug|Any CPU.Build.0 = Debug|Any CPU
		{05819018-E3F3-4F77-93E2-43B0BA3C0C97}.Release|Any CPU.ActiveCfg = Release|Any CPU
		{05819018-E3F3-4F77-93E2-43B0BA3C0C97}.Release|Any CPU.Build.0 = Release|Any CPU
		{DDE7AE64-8C65-4AAA-89EA-DC093E87D99B}.Debug|Any CPU.ActiveCfg = Debug|Any CPU
		{DDE7AE64-8C65-4AAA-89EA-DC093E87D99B}.Debug|Any CPU.Build.0 = Debug|Any CPU
		{DDE7AE64-8C65-4AAA-89EA-DC093E87D99B}.Release|Any CPU.ActiveCfg = Release|Any CPU
		{DDE7AE64-8C65-4AAA-89EA-DC093E87D99B}.Release|Any CPU.Build.0 = Release|Any CPU
	EndGlobalSection
	GlobalSection(SolutionProperties) = preSolution
		HideSolutionNode = FALSE
	EndGlobalSection
	GlobalSection(NestedProjects) = preSolution
		{6AB5600D-CF8F-4ED7-A02E-D63184BB78B7} = {950AAB2B-7968-400C-9E26-75CF1CCB9188}
		{26305888-5C66-4A34-B783-CC28CB9B8918} = {950AAB2B-7968-400C-9E26-75CF1CCB9188}
		{602AC828-4A85-4A23-8E4D-2E1E299B266C} = {1CF6079E-AC3B-4836-81DF-3D3D88F72501}
		{610F86F0-9709-4DF0-A369-D3483F0243EA} = {1CF6079E-AC3B-4836-81DF-3D3D88F72501}
		{56EC9260-5040-4D50-844F-FE3FF0FA7A94} = {97B7C5F8-293E-4D5F-8F57-EE609A95B37D}
		{EB585ACF-91CA-4908-8BB3-190841D04756} = {970DDA79-0572-48C5-83AF-BEEE20A51DCC}
		{5552A3ED-035E-4AD2-802E-9EAF74502D6E} = {5235AF7C-E0CC-4C24-BA45-338DA234DC86}
		{E71A64F9-073B-43F1-BA51-E2176BC253C4} = {97B7C5F8-293E-4D5F-8F57-EE609A95B37D}
		{A8AF5DE1-52F3-4215-952F-93C92A5A451C} = {1CF6079E-AC3B-4836-81DF-3D3D88F72501}
		{5235AF7C-E0CC-4C24-BA45-338DA234DC86} = {1F9D3FA5-1247-428B-B204-A94B5B1B93EB}
		{E6ED9352-B108-4250-91F4-53781EA196A8} = {5235AF7C-E0CC-4C24-BA45-338DA234DC86}
		{950AAB2B-7968-400C-9E26-75CF1CCB9188} = {1F9D3FA5-1247-428B-B204-A94B5B1B93EB}
		{C73F76CB-1A1F-4AAC-82C5-AA113D9C03C2} = {950AAB2B-7968-400C-9E26-75CF1CCB9188}
		{1CF6079E-AC3B-4836-81DF-3D3D88F72501} = {1F9D3FA5-1247-428B-B204-A94B5B1B93EB}
		{97B7C5F8-293E-4D5F-8F57-EE609A95B37D} = {1F9D3FA5-1247-428B-B204-A94B5B1B93EB}
		{970DDA79-0572-48C5-83AF-BEEE20A51DCC} = {1F9D3FA5-1247-428B-B204-A94B5B1B93EB}
		{3B2275B1-C008-440B-BFC3-2085D8850AE3} = {1CF6079E-AC3B-4836-81DF-3D3D88F72501}
		{04D6C512-C87D-4B41-AD4C-55E9EABA78B9} = {97B7C5F8-293E-4D5F-8F57-EE609A95B37D}
		{45B47A10-CEAC-422B-BC15-552212FBFD80} = {970DDA79-0572-48C5-83AF-BEEE20A51DCC}
		{05819018-E3F3-4F77-93E2-43B0BA3C0C97} = {3B2275B1-C008-440B-BFC3-2085D8850AE3}
		{DD82C7DB-A128-4B1C-99B7-FF0747D05E2A} = {FC3D67D2-4C6A-41F2-B42A-27CA443154F3}
		{A440DA64-2382-4715-89CB-62F49D88F29A} = {DD82C7DB-A128-4B1C-99B7-FF0747D05E2A}
		{3E6F4D73-E3D6-4095-9ACF-E1D98D62A359} = {1F9D3FA5-1247-428B-B204-A94B5B1B93EB}
		{DDE7AE64-8C65-4AAA-89EA-DC093E87D99B} = {3E6F4D73-E3D6-4095-9ACF-E1D98D62A359}
	EndGlobalSection
	GlobalSection(ExtensibilityGlobals) = postSolution
		SolutionGuid = {78FE8B84-E310-48E0-9DD4-10EE24CF4F7C}
	EndGlobalSection
EndGlobal
